
Microsoft Visual Studio Solution File, Format Version 11.00
# Visual Studio 2010
Project("{FAE04EC0-301F-11D3-BF4B-00C04F79EFBC}") = "WcfService1", "WcfService1\WcfService1.csproj", "{BEC73B6D-DDB7-46CF-8A96-D47A1FDEB959}"
EndProject
Global
	GlobalSection(SolutionConfigurationPlatforms) = preSolution
		Debug|Any CPU = Debug|Any CPU
		Release|Any CPU = Release|Any CPU
	EndGlobalSection
	GlobalSection(ProjectConfigurationPlatforms) = postSolution
		{BEC73B6D-DDB7-46CF-8A96-D47A1FDEB959}.Debug|Any CPU.ActiveCfg = Debug|Any CPU
		{BEC73B6D-DDB7-46CF-8A96-D47A1FDEB959}.Debug|Any CPU.Build.0 = Debug|Any CPU
		{BEC73B6D-DDB7-46CF-8A96-D47A1FDEB959}.Release|Any CPU.ActiveCfg = Release|Any CPU
		{BEC73B6D-DDB7-46CF-8A96-D47A1FDEB959}.Release|Any CPU.Build.0 = Release|Any CPU
	EndGlobalSection
	GlobalSection(SolutionProperties) = preSolution
		HideSolutionNode = FALSE
	EndGlobalSection
EndGlobal
